// !$*UTF8*$!
{
	archiveVersion = 1;
	classes = {
	};
	objectVersion = 46;
	objects = {

/* Begin PBXBuildFile section */
		9A4891791F3844B50020D4F8 /* AppDelegate.swift in Sources */ = {isa = PBXBuildFile; fileRef = 9A4891781F3844B50020D4F8 /* AppDelegate.swift */; };
		9A48917B1F3844B50020D4F8 /* ViewController.swift in Sources */ = {isa = PBXBuildFile; fileRef = 9A48917A1F3844B50020D4F8 /* ViewController.swift */; };
		9A48917E1F3844B50020D4F8 /* Main.storyboard in Resources */ = {isa = PBXBuildFile; fileRef = 9A48917C1F3844B50020D4F8 /* Main.storyboard */; };
		9A4891801F3844B50020D4F8 /* Assets.xcassets in Resources */ = {isa = PBXBuildFile; fileRef = 9A48917F1F3844B50020D4F8 /* Assets.xcassets */; };
		9A4891831F3844B50020D4F8 /* LaunchScreen.storyboard in Resources */ = {isa = PBXBuildFile; fileRef = 9A4891811F3844B50020D4F8 /* LaunchScreen.storyboard */; };
		9A48918E1F3844B50020D4F8 /* TestTests.swift in Sources */ = {isa = PBXBuildFile; fileRef = 9A48918D1F3844B50020D4F8 /* TestTests.swift */; };
		9A4891991F3844B50020D4F8 /* TestUITests.swift in Sources */ = {isa = PBXBuildFile; fileRef = 9A4891981F3844B50020D4F8 /* TestUITests.swift */; };
/* End PBXBuildFile section */

/* Begin PBXContainerItemProxy section */
		9A48918A1F3844B50020D4F8 /* PBXContainerItemProxy */ = {
			isa = PBXContainerItemProxy;
			containerPortal = 9A48916D1F3844B50020D4F8 /* Project object */;
			proxyType = 1;
			remoteGlobalIDString = 9A4891741F3844B50020D4F8;
			remoteInfo = Test;
		};
		9A4891951F3844B50020D4F8 /* PBXContainerItemProxy */ = {
			isa = PBXContainerItemProxy;
			containerPortal = 9A48916D1F3844B50020D4F8 /* Project object */;
			proxyType = 1;
			remoteGlobalIDString = 9A4891741F3844B50020D4F8;
			remoteInfo = Test;
		};
/* End PBXContainerItemProxy section */

/* Begin PBXFileReference section */
		9A4891751F3844B50020D4F8 /* Test.app */ = {isa = PBXFileReference; explicitFileType = wrapper.application; includeInIndex = 0; path = Test.app; sourceTree = BUILT_PRODUCTS_DIR; };
		9A4891781F3844B50020D4F8 /* AppDelegate.swift */ = {isa = PBXFileReference; lastKnownFileType = sourcecode.swift; path = AppDelegate.swift; sourceTree = "<group>"; };
		9A48917A1F3844B50020D4F8 /* ViewController.swift */ = {isa = PBXFileReference; lastKnownFileType = sourcecode.swift; path = ViewController.swift; sourceTree = "<group>"; };
		9A48917D1F3844B50020D4F8 /* Base */ = {isa = PBXFileReference; lastKnownFileType = file.storyboard; name = Base; path = Base.lproj/Main.storyboard; sourceTree = "<group>"; };
		9A48917F1F3844B50020D4F8 /* Assets.xcassets */ = {isa = PBXFileReference; lastKnownFileType = folder.assetcatalog; path = Assets.xcassets; sourceTree = "<group>"; };
		9A4891821F3844B50020D4F8 /* Base */ = {isa = PBXFileReference; lastKnownFileType = file.storyboard; name = Base; path = Base.lproj/LaunchScreen.storyboard; sourceTree = "<group>"; };
		9A4891841F3844B50020D4F8 /* Info.plist */ = {isa = PBXFileReference; lastKnownFileType = text.plist.xml; path = Info.plist; sourceTree = "<group>"; };
		9A4891891F3844B50020D4F8 /* TestTests.xctest */ = {isa = PBXFileReference; explicitFileType = wrapper.cfbundle; includeInIndex = 0; path = TestTests.xctest; sourceTree = BUILT_PRODUCTS_DIR; };
		9A48918D1F3844B50020D4F8 /* TestTests.swift */ = {isa = PBXFileReference; lastKnownFileType = sourcecode.swift; path = TestTests.swift; sourceTree = "<group>"; };
		9A48918F1F3844B50020D4F8 /* Info.plist */ = {isa = PBXFileReference; lastKnownFileType = text.plist.xml; path = Info.plist; sourceTree = "<group>"; };
		9A4891941F3844B50020D4F8 /* TestUITests.xctest */ = {isa = PBXFileReference; explicitFileType = wrapper.cfbundle; includeInIndex = 0; path = TestUITests.xctest; sourceTree = BUILT_PRODUCTS_DIR; };
		9A4891981F3844B50020D4F8 /* TestUITests.swift */ = {isa = PBXFileReference; lastKnownFileType = sourcecode.swift; path = TestUITests.swift; sourceTree = "<group>"; };
		9A48919A1F3844B50020D4F8 /* Info.plist */ = {isa = PBXFileReference; lastKnownFileType = text.plist.xml; path = Info.plist; sourceTree = "<group>"; };
/* End PBXFileReference section */

/* Begin PBXFrameworksBuildPhase section */
		9A4891721F3844B50020D4F8 /* Frameworks */ = {
			isa = PBXFrameworksBuildPhase;
			buildActionMask = 2147483647;
			files = (
			);
			runOnlyForDeploymentPostprocessing = 0;
		};
		9A4891861F3844B50020D4F8 /* Frameworks */ = {
			isa = PBXFrameworksBuildPhase;
			buildActionMask = 2147483647;
			files = (
			);
			runOnlyForDeploymentPostprocessing = 0;
		};
		9A4891911F3844B50020D4F8 /* Frameworks */ = {
			isa = PBXFrameworksBuildPhase;
			buildActionMask = 2147483647;
			files = (
			);
			runOnlyForDeploymentPostprocessing = 0;
		};
/* End PBXFrameworksBuildPhase section */

/* Begin PBXGroup section */
		9A48916C1F3844B50020D4F8 = {
			isa = PBXGroup;
			children = (
				9A4891771F3844B50020D4F8 /* Test */,
				9A48918C1F3844B50020D4F8 /* TestTests */,
				9A4891971F3844B50020D4F8 /* TestUITests */,
				9A4891761F3844B50020D4F8 /* Products */,
			);
			sourceTree = "<group>";
		};
		9A4891761F3844B50020D4F8 /* Products */ = {
			isa = PBXGroup;
			children = (
				9A4891751F3844B50020D4F8 /* Test.app */,
				9A4891891F3844B50020D4F8 /* TestTests.xctest */,
				9A4891941F3844B50020D4F8 /* TestUITests.xctest */,
			);
			name = Products;
			sourceTree = "<group>";
		};
		9A4891771F3844B50020D4F8 /* Test */ = {
			isa = PBXGroup;
			children = (
				9A4891781F3844B50020D4F8 /* AppDelegate.swift */,
				9A48917A1F3844B50020D4F8 /* ViewController.swift */,
				9A48917C1F3844B50020D4F8 /* Main.storyboard */,
				9A48917F1F3844B50020D4F8 /* Assets.xcassets */,
				9A4891811F3844B50020D4F8 /* LaunchScreen.storyboard */,
				9A4891841F3844B50020D4F8 /* Info.plist */,
			);
			path = Test;
			sourceTree = "<group>";
		};
		9A48918C1F3844B50020D4F8 /* TestTests */ = {
			isa = PBXGroup;
			children = (
				9A48918D1F3844B50020D4F8 /* TestTests.swift */,
				9A48918F1F3844B50020D4F8 /* Info.plist */,
			);
			path = TestTests;
			sourceTree = "<group>";
		};
		9A4891971F3844B50020D4F8 /* TestUITests */ = {
			isa = PBXGroup;
			children = (
				9A4891981F3844B50020D4F8 /* TestUITests.swift */,
				9A48919A1F3844B50020D4F8 /* Info.plist */,
			);
			path = TestUITests;
			sourceTree = "<group>";
		};
/* End PBXGroup section */

/* Begin PBXNativeTarget section */
		9A4891741F3844B50020D4F8 /* Test */ = {
			isa = PBXNativeTarget;
			buildConfigurationList = 9A48919D1F3844B50020D4F8 /* Build configuration list for PBXNativeTarget "Test" */;
			buildPhases = (
				9A4891711F3844B50020D4F8 /* Sources */,
				9A4891721F3844B50020D4F8 /* Frameworks */,
				9A4891731F3844B50020D4F8 /* Resources */,
			);
			buildRules = (
			);
			dependencies = (
			);
			name = Test;
			productName = Test;
			productReference = 9A4891751F3844B50020D4F8 /* Test.app */;
			productType = "com.apple.product-type.application";
		};
		9A4891881F3844B50020D4F8 /* TestTests */ = {
			isa = PBXNativeTarget;
			buildConfigurationList = 9A4891A01F3844B50020D4F8 /* Build configuration list for PBXNativeTarget "TestTests" */;
			buildPhases = (
				9A4891851F3844B50020D4F8 /* Sources */,
				9A4891861F3844B50020D4F8 /* Frameworks */,
				9A4891871F3844B50020D4F8 /* Resources */,
			);
			buildRules = (
			);
			dependencies = (
				9A48918B1F3844B50020D4F8 /* PBXTargetDependency */,
			);
			name = TestTests;
			productName = TestTests;
			productReference = 9A4891891F3844B50020D4F8 /* TestTests.xctest */;
			productType = "com.apple.product-type.bundle.unit-test";
		};
		9A4891931F3844B50020D4F8 /* TestUITests */ = {
			isa = PBXNativeTarget;
			buildConfigurationList = 9A4891A31F3844B50020D4F8 /* Build configuration list for PBXNativeTarget "TestUITests" */;
			buildPhases = (
				9A4891901F3844B50020D4F8 /* Sources */,
				9A4891911F3844B50020D4F8 /* Frameworks */,
				9A4891921F3844B50020D4F8 /* Resources */,
			);
			buildRules = (
			);
			dependencies = (
				9A4891961F3844B50020D4F8 /* PBXTargetDependency */,
			);
			name = TestUITests;
			productName = TestUITests;
			productReference = 9A4891941F3844B50020D4F8 /* TestUITests.xctest */;
			productType = "com.apple.product-type.bundle.ui-testing";
		};
/* End PBXNativeTarget section */

/* Begin PBXProject section */
		9A48916D1F3844B50020D4F8 /* Project object */ = {
			isa = PBXProject;
			attributes = {
				LastSwiftUpdateCheck = 0830;
				LastUpgradeCheck = 0830;
				ORGANIZATIONNAME = DENESH;
				TargetAttributes = {
					9A4891741F3844B50020D4F8 = {
						CreatedOnToolsVersion = 8.3.3;
						ProvisioningStyle = Automatic;
					};
					9A4891881F3844B50020D4F8 = {
						CreatedOnToolsVersion = 8.3.3;
						ProvisioningStyle = Automatic;
						TestTargetID = 9A4891741F3844B50020D4F8;
					};
					9A4891931F3844B50020D4F8 = {
						CreatedOnToolsVersion = 8.3.3;
						ProvisioningStyle = Automatic;
						TestTargetID = 9A4891741F3844B50020D4F8;
					};
				};
			};
			buildConfigurationList = 9A4891701F3844B50020D4F8 /* Build configuration list for PBXProject "Test" */;
			compatibilityVersion = "Xcode 3.2";
			developmentRegion = English;
			hasScannedForEncodings = 0;
			knownRegions = (
				en,
				Base,
			);
			mainGroup = 9A48916C1F3844B50020D4F8;
			productRefGroup = 9A4891761F3844B50020D4F8 /* Products */;
			projectDirPath = "";
			projectRoot = "";
			targets = (
				9A4891741F3844B50020D4F8 /* Test */,
				9A4891881F3844B50020D4F8 /* TestTests */,
				9A4891931F3844B50020D4F8 /* TestUITests */,
			);
		};
/* End PBXProject section */

/* Begin PBXResourcesBuildPhase section */
		9A4891731F3844B50020D4F8 /* Resources */ = {
			isa = PBXResourcesBuildPhase;
			buildActionMask = 2147483647;
			files = (
				9A4891831F3844B50020D4F8 /* LaunchScreen.storyboard in Resources */,
				9A4891801F3844B50020D4F8 /* Assets.xcassets in Resources */,
				9A48917E1F3844B50020D4F8 /* Main.storyboard in Resources */,
			);
			runOnlyForDeploymentPostprocessing = 0;
		};
		9A4891871F3844B50020D4F8 /* Resources */ = {
			isa = PBXResourcesBuildPhase;
			buildActionMask = 2147483647;
			files = (
			);
			runOnlyForDeploymentPostprocessing = 0;
		};
		9A4891921F3844B50020D4F8 /* Resources */ = {
			isa = PBXResourcesBuildPhase;
			buildActionMask = 2147483647;
			files = (
			);
			runOnlyForDeploymentPostprocessing = 0;
		};
/* End PBXResourcesBuildPhase section */

/* Begin PBXSourcesBuildPhase section */
		9A4891711F3844B50020D4F8 /* Sources */ = {
			isa = PBXSourcesBuildPhase;
			buildActionMask = 2147483647;
			files = (
				9A48917B1F3844B50020D4F8 /* ViewController.swift in Sources */,
				9A4891791F3844B50020D4F8 /* AppDelegate.swift in Sources */,
			);
			runOnlyForDeploymentPostprocessing = 0;
		};
		9A4891851F3844B50020D4F8 /* Sources */ = {
			isa = PBXSourcesBuildPhase;
			buildActionMask = 2147483647;
			files = (
				9A48918E1F3844B50020D4F8 /* TestTests.swift in Sources */,
			);
			runOnlyForDeploymentPostprocessing = 0;
		};
		9A4891901F3844B50020D4F8 /* Sources */ = {
			isa = PBXSourcesBuildPhase;
			buildActionMask = 2147483647;
			files = (
				9A4891991F3844B50020D4F8 /* TestUITests.swift in Sources */,
			);
			runOnlyForDeploymentPostprocessing = 0;
		};
/* End PBXSourcesBuildPhase section */

/* Begin PBXTargetDependency section */
		9A48918B1F3844B50020D4F8 /* PBXTargetDependency */ = {
			isa = PBXTargetDependency;
			target = 9A4891741F3844B50020D4F8 /* Test */;
			targetProxy = 9A48918A1F3844B50020D4F8 /* PBXContainerItemProxy */;
		};
		9A4891961F3844B50020D4F8 /* PBXTargetDependency */ = {
			isa = PBXTargetDependency;
			target = 9A4891741F3844B50020D4F8 /* Test */;
			targetProxy = 9A4891951F3844B50020D4F8 /* PBXContainerItemProxy */;
		};
/* End PBXTargetDependency section */

/* Begin PBXVariantGroup section */
		9A48917C1F3844B50020D4F8 /* Main.storyboard */ = {
			isa = PBXVariantGroup;
			children = (
				9A48917D1F3844B50020D4F8 /* Base */,
			);
			name = Main.storyboard;
			sourceTree = "<group>";
		};
		9A4891811F3844B50020D4F8 /* LaunchScreen.storyboard */ = {
			isa = PBXVariantGroup;
			children = (
				9A4891821F3844B50020D4F8 /* Base */,
			);
			name = LaunchScreen.storyboard;
			sourceTree = "<group>";
		};
/* End PBXVariantGroup section */

/* Begin XCBuildConfiguration section */
		9A48919B1F3844B50020D4F8 /* Debug */ = {
			isa = XCBuildConfiguration;
			buildSettings = {
				ALWAYS_SEARCH_USER_PATHS = NO;
				CLANG_ANALYZER_NONNULL = YES;
				CLANG_ANALYZER_NUMBER_OBJECT_CONVERSION = YES_AGGRESSIVE;
				CLANG_CXX_LANGUAGE_STANDARD = "gnu++0x";
				CLANG_CXX_LIBRARY = "libc++";
				CLANG_ENABLE_MODULES = YES;
				CLANG_ENABLE_OBJC_ARC = YES;
				CLANG_WARN_BOOL_CONVERSION = YES;
				CLANG_WARN_CONSTANT_CONVERSION = YES;
				CLANG_WARN_DIRECT_OBJC_ISA_USAGE = YES_ERROR;
				CLANG_WARN_DOCUMENTATION_COMMENTS = YES;
				CLANG_WARN_EMPTY_BODY = YES;
				CLANG_WARN_ENUM_CONVERSION = YES;
				CLANG_WARN_INFINITE_RECURSION = YES;
				CLANG_WARN_INT_CONVERSION = YES;
				CLANG_WARN_OBJC_ROOT_CLASS = YES_ERROR;
				CLANG_WARN_SUSPICIOUS_MOVE = YES;
				CLANG_WARN_UNREACHABLE_CODE = YES;
				CLANG_WARN__DUPLICATE_METHOD_MATCH = YES;
				"CODE_SIGN_IDENTITY[sdk=iphoneos*]" = "iPhone Developer";
				COPY_PHASE_STRIP = NO;
				DEBUG_INFORMATION_FORMAT = dwarf;
				ENABLE_STRICT_OBJC_MSGSEND = YES;
				ENABLE_TESTABILITY = YES;
				GCC_C_LANGUAGE_STANDARD = gnu99;
				GCC_DYNAMIC_NO_PIC = NO;
				GCC_NO_COMMON_BLOCKS = YES;
				GCC_OPTIMIZATION_LEVEL = 0;
				GCC_PREPROCESSOR_DEFINITIONS = (
					"DEBUG=1",
					"$(inherited)",
				);
				GCC_WARN_64_TO_32_BIT_CONVERSION = YES;
				GCC_WARN_ABOUT_RETURN_TYPE = YES_ERROR;
				GCC_WARN_UNDECLARED_SELECTOR = YES;
				GCC_WARN_UNINITIALIZED_AUTOS = YES_AGGRESSIVE;
				GCC_WARN_UNUSED_FUNCTION = YES;
				GCC_WARN_UNUSED_VARIABLE = YES;
				IPHONEOS_DEPLOYMENT_TARGET = 10.3;
				MTL_ENABLE_DEBUG_INFO = YES;
				ONLY_ACTIVE_ARCH = YES;
				SDKROOT = iphoneos;
				SWIFT_ACTIVE_COMPILATION_CONDITIONS = DEBUG;
				SWIFT_OPTIMIZATION_LEVEL = "-Onone";
				TARGETED_DEVICE_FAMILY = "1,2";
			};
			name = Debug;
		};
		9A48919C1F3844B50020D4F8 /* Release */ = {
			isa = XCBuildConfiguration;
			buildSettings = {
				ALWAYS_SEARCH_USER_PATHS = NO;
				CLANG_ANALYZER_NONNULL = YES;
				CLANG_ANALYZER_NUMBER_OBJECT_CONVERSION = YES_AGGRESSIVE;
				CLANG_CXX_LANGUAGE_STANDARD = "gnu++0x";
				CLANG_CXX_LIBRARY = "libc++";
				CLANG_ENABLE_MODULES = YES;
				CLANG_ENABLE_OBJC_ARC = YES;
				CLANG_WARN_BOOL_CONVERSION = YES;
				CLANG_WARN_CONSTANT_CONVERSION = YES;
				CLANG_WARN_DIRECT_OBJC_ISA_USAGE = YES_ERROR;
				CLANG_WARN_DOCUMENTATION_COMMENTS = YES;
				CLANG_WARN_EMPTY_BODY = YES;
				CLANG_WARN_ENUM_CONVERSION = YES;
				CLANG_WARN_INFINITE_RECURSION = YES;
				CLANG_WARN_INT_CONVERSION = YES;
				CLANG_WARN_OBJC_ROOT_CLASS = YES_ERROR;
				CLANG_WARN_SUSPICIOUS_MOVE = YES;
				CLANG_WARN_UNREACHABLE_CODE = YES;
				CLANG_WARN__DUPLICATE_METHOD_MATCH = YES;
				"CODE_SIGN_IDENTITY[sdk=iphoneos*]" = "iPhone Developer";
				COPY_PHASE_STRIP = NO;
				DEBUG_INFORMATION_FORMAT = "dwarf-with-dsym";
				ENABLE_NS_ASSERTIONS = NO;
				ENABLE_STRICT_OBJC_MSGSEND = YES;
				GCC_C_LANGUAGE_STANDARD = gnu99;
				GCC_NO_COMMON_BLOCKS = YES;
				GCC_WARN_64_TO_32_BIT_CONVERSION = YES;
				GCC_WARN_ABOUT_RETURN_TYPE = YES_ERROR;
				GCC_WARN_UNDECLARED_SELECTOR = YES;
				GCC_WARN_UNINITIALIZED_AUTOS = YES_AGGRESSIVE;
				GCC_WARN_UNUSED_FUNCTION = YES;
				GCC_WARN_UNUSED_VARIABLE = YES;
				IPHONEOS_DEPLOYMENT_TARGET = 10.3;
				MTL_ENABLE_DEBUG_INFO = NO;
				SDKROOT = iphoneos;
				SWIFT_OPTIMIZATION_LEVEL = "-Owholemodule";
				TARGETED_DEVICE_FAMILY = "1,2";
				VALIDATE_PRODUCT = YES;
			};
			name = Release;
		};
		9A48919E1F3844B50020D4F8 /* Debug */ = {
			isa = XCBuildConfiguration;
			buildSettings = {
				ASSETCATALOG_COMPILER_APPICON_NAME = AppIcon;
				INFOPLIST_FILE = Test/Info.plist;
				LD_RUNPATH_SEARCH_PATHS = "$(inherited) @executable_path/Frameworks";
				PRODUCT_BUNDLE_IDENTIFIER = A.Test;
				PRODUCT_NAME = "$(TARGET_NAME)";
				SWIFT_VERSION = 3.0;
			};
			name = Debug;
		};
		9A48919F1F3844B50020D4F8 /* Release */ = {
			isa = XCBuildConfiguration;
			buildSettings = {
				ASSETCATALOG_COMPILER_APPICON_NAME = AppIcon;
				INFOPLIST_FILE = Test/Info.plist;
				LD_RUNPATH_SEARCH_PATHS = "$(inherited) @executable_path/Frameworks";
				PRODUCT_BUNDLE_IDENTIFIER = A.Test;
				PRODUCT_NAME = "$(TARGET_NAME)";
				SWIFT_VERSION = 3.0;
			};
			name = Release;
		};
		9A4891A11F3844B50020D4F8 /* Debug */ = {
			isa = XCBuildConfiguration;
			buildSettings = {
				ALWAYS_EMBED_SWIFT_STANDARD_LIBRARIES = YES;
				BUNDLE_LOADER = "$(TEST_HOST)";
				INFOPLIST_FILE = TestTests/Info.plist;
				LD_RUNPATH_SEARCH_PATHS = "$(inherited) @executable_path/Frameworks @loader_path/Frameworks";
				PRODUCT_BUNDLE_IDENTIFIER = A.TestTests;
				PRODUCT_NAME = "$(TARGET_NAME)";
				SWIFT_VERSION = 3.0;
				TEST_HOST = "$(BUILT_PRODUCTS_DIR)/Test.app/Test";
			};
			name = Debug;
		};
		9A4891A21F3844B50020D4F8 /* Release */ = {
			isa = XCBuildConfiguration;
			buildSettings = {
				ALWAYS_EMBED_SWIFT_STANDARD_LIBRARIES = YES;
				BUNDLE_LOADER = "$(TEST_HOST)";
				INFOPLIST_FILE = TestTests/Info.plist;
				LD_RUNPATH_SEARCH_PATHS = "$(inherited) @executable_path/Frameworks @loader_path/Frameworks";
				PRODUCT_BUNDLE_IDENTIFIER = A.TestTests;
				PRODUCT_NAME = "$(TARGET_NAME)";
				SWIFT_VERSION = 3.0;
				TEST_HOST = "$(BUILT_PRODUCTS_DIR)/Test.app/Test";
			};
			name = Release;
		};
		9A4891A41F3844B50020D4F8 /* Debug */ = {
			isa = XCBuildConfiguration;
			buildSettings = {
				ALWAYS_EMBED_SWIFT_STANDARD_LIBRARIES = YES;
				INFOPLIST_FILE = TestUITests/Info.plist;
				LD_RUNPATH_SEARCH_PATHS = "$(inherited) @executable_path/Frameworks @loader_path/Frameworks";
				PRODUCT_BUNDLE_IDENTIFIER = A.TestUITests;
				PRODUCT_NAME = "$(TARGET_NAME)";
				SWIFT_VERSION = 3.0;
				TEST_TARGET_NAME = Test;
			};
			name = Debug;
		};
		9A4891A51F3844B50020D4F8 /* Release */ = {
			isa = XCBuildConfiguration;
			buildSettings = {
				ALWAYS_EMBED_SWIFT_STANDARD_LIBRARIES = YES;
				INFOPLIST_FILE = TestUITests/Info.plist;
				LD_RUNPATH_SEARCH_PATHS = "$(inherited) @executable_path/Frameworks @loader_path/Frameworks";
				PRODUCT_BUNDLE_IDENTIFIER = A.TestUITests;
				PRODUCT_NAME = "$(TARGET_NAME)";
				SWIFT_VERSION = 3.0;
				TEST_TARGET_NAME = Test;
			};
			name = Release;
		};
/* End XCBuildConfiguration section */

/* Begin XCConfigurationList section */
		9A4891701F3844B50020D4F8 /* Build configuration list for PBXProject "Test" */ = {
			isa = XCConfigurationList;
			buildConfigurations = (
				9A48919B1F3844B50020D4F8 /* Debug */,
				9A48919C1F3844B50020D4F8 /* Release */,
			);
			defaultConfigurationIsVisible = 0;
			defaultConfigurationName = Release;
		};
		9A48919D1F3844B50020D4F8 /* Build configuration list for PBXNativeTarget "Test" */ = {
			isa = XCConfigurationList;
			buildConfigurations = (
				9A48919E1F3844B50020D4F8 /* Debug */,
				9A48919F1F3844B50020D4F8 /* Release */,
			);
			defaultConfigurationIsVisible = 0;
		};
		9A4891A01F3844B50020D4F8 /* Build configuration list for PBXNativeTarget "TestTests" */ = {
			isa = XCConfigurationList;
			buildConfigurations = (
				9A4891A11F3844B50020D4F8 /* Debug */,
				9A4891A21F3844B50020D4F8 /* Release */,
			);
			defaultConfigurationIsVisible = 0;
		};
		9A4891A31F3844B50020D4F8 /* Build configuration list for PBXNativeTarget "TestUITests" */ = {
			isa = XCConfigurationList;
			buildConfigurations = (
				9A4891A41F3844B50020D4F8 /* Debug */,
				9A4891A51F3844B50020D4F8 /* Release */,
			);
			defaultConfigurationIsVisible = 0;
		};
/* End XCConfigurationList section */
	};
	rootObject = 9A48916D1F3844B50020D4F8 /* Project object */;
}
